// !$*UTF8*$!
{
	archiveVersion = 1;
	classes = {
	};
	objectVersion = 50;
	objects = {

/* Begin PBXBuildFile section */
		D54FE4A0235EFFC600215136 /* AppDelegate.swift in Sources */ = {isa = PBXBuildFile; fileRef = D54FE49F235EFFC600215136 /* AppDelegate.swift */; };
		D54FE4A2235EFFC600215136 /* SceneDelegate.swift in Sources */ = {isa = PBXBuildFile; fileRef = D54FE4A1235EFFC600215136 /* SceneDelegate.swift */; };
		D54FE4A4235EFFC600215136 /* ViewController.swift in Sources */ = {isa = PBXBuildFile; fileRef = D54FE4A3235EFFC600215136 /* ViewController.swift */; };
		D54FE4A7235EFFC600215136 /* Main.storyboard in Resources */ = {isa = PBXBuildFile; fileRef = D54FE4A5235EFFC600215136 /* Main.storyboard */; };
		D54FE4AA235EFFC600215136 /* Revolut.xcdatamodeld in Sources */ = {isa = PBXBuildFile; fileRef = D54FE4A8235EFFC600215136 /* Revolut.xcdatamodeld */; };
		D54FE4AC235EFFC800215136 /* Assets.xcassets in Resources */ = {isa = PBXBuildFile; fileRef = D54FE4AB235EFFC800215136 /* Assets.xcassets */; };
		D54FE4AF235EFFC800215136 /* LaunchScreen.storyboard in Resources */ = {isa = PBXBuildFile; fileRef = D54FE4AD235EFFC800215136 /* LaunchScreen.storyboard */; };
		D54FE4BA235EFFC800215136 /* RevolutTests.swift in Sources */ = {isa = PBXBuildFile; fileRef = D54FE4B9235EFFC800215136 /* RevolutTests.swift */; };
/* End PBXBuildFile section */

/* Begin PBXContainerItemProxy section */
		D54FE4B6235EFFC800215136 /* PBXContainerItemProxy */ = {
			isa = PBXContainerItemProxy;
			containerPortal = D54FE494235EFFC600215136 /* Project object */;
			proxyType = 1;
			remoteGlobalIDString = D54FE49B235EFFC600215136;
			remoteInfo = Revolut;
		};
/* End PBXContainerItemProxy section */

/* Begin PBXFileReference section */
		D54FE49C235EFFC600215136 /* Revolut.app */ = {isa = PBXFileReference; explicitFileType = wrapper.application; includeInIndex = 0; path = Revolut.app; sourceTree = BUILT_PRODUCTS_DIR; };
		D54FE49F235EFFC600215136 /* AppDelegate.swift */ = {isa = PBXFileReference; lastKnownFileType = sourcecode.swift; path = AppDelegate.swift; sourceTree = "<group>"; };
		D54FE4A1235EFFC600215136 /* SceneDelegate.swift */ = {isa = PBXFileReference; lastKnownFileType = sourcecode.swift; path = SceneDelegate.swift; sourceTree = "<group>"; };
		D54FE4A3235EFFC600215136 /* ViewController.swift */ = {isa = PBXFileReference; lastKnownFileType = sourcecode.swift; path = ViewController.swift; sourceTree = "<group>"; };
		D54FE4A6235EFFC600215136 /* Base */ = {isa = PBXFileReference; lastKnownFileType = file.storyboard; name = Base; path = Base.lproj/Main.storyboard; sourceTree = "<group>"; };
		D54FE4A9235EFFC600215136 /* Revolut.xcdatamodel */ = {isa = PBXFileReference; lastKnownFileType = wrapper.xcdatamodel; path = Revolut.xcdatamodel; sourceTree = "<group>"; };
		D54FE4AB235EFFC800215136 /* Assets.xcassets */ = {isa = PBXFileReference; lastKnownFileType = folder.assetcatalog; path = Assets.xcassets; sourceTree = "<group>"; };
		D54FE4AE235EFFC800215136 /* Base */ = {isa = PBXFileReference; lastKnownFileType = file.storyboard; name = Base; path = Base.lproj/LaunchScreen.storyboard; sourceTree = "<group>"; };
		D54FE4B0235EFFC800215136 /* Info.plist */ = {isa = PBXFileReference; lastKnownFileType = text.plist.xml; path = Info.plist; sourceTree = "<group>"; };
		D54FE4B5235EFFC800215136 /* RevolutTests.xctest */ = {isa = PBXFileReference; explicitFileType = wrapper.cfbundle; includeInIndex = 0; path = RevolutTests.xctest; sourceTree = BUILT_PRODUCTS_DIR; };
		D54FE4B9235EFFC800215136 /* RevolutTests.swift */ = {isa = PBXFileReference; lastKnownFileType = sourcecode.swift; path = RevolutTests.swift; sourceTree = "<group>"; };
		D54FE4BB235EFFC800215136 /* Info.plist */ = {isa = PBXFileReference; lastKnownFileType = text.plist.xml; path = Info.plist; sourceTree = "<group>"; };
/* End PBXFileReference section */

/* Begin PBXFrameworksBuildPhase section */
		D54FE499235EFFC600215136 /* Frameworks */ = {
			isa = PBXFrameworksBuildPhase;
			buildActionMask = 2147483647;
			files = (
			);
			runOnlyForDeploymentPostprocessing = 0;
		};
		D54FE4B2235EFFC800215136 /* Frameworks */ = {
			isa = PBXFrameworksBuildPhase;
			buildActionMask = 2147483647;
			files = (
			);
			runOnlyForDeploymentPostprocessing = 0;
		};
/* End PBXFrameworksBuildPhase section */

/* Begin PBXGroup section */
		D54FE493235EFFC600215136 = {
			isa = PBXGroup;
			children = (
				D54FE49E235EFFC600215136 /* Revolut */,
				D54FE4B8235EFFC800215136 /* RevolutTests */,
				D54FE49D235EFFC600215136 /* Products */,
			);
			sourceTree = "<group>";
		};
		D54FE49D235EFFC600215136 /* Products */ = {
			isa = PBXGroup;
			children = (
				D54FE49C235EFFC600215136 /* Revolut.app */,
				D54FE4B5235EFFC800215136 /* RevolutTests.xctest */,
			);
			name = Products;
			sourceTree = "<group>";
		};
		D54FE49E235EFFC600215136 /* Revolut */ = {
			isa = PBXGroup;
			children = (
				D54FE49F235EFFC600215136 /* AppDelegate.swift */,
				D54FE4A1235EFFC600215136 /* SceneDelegate.swift */,
				D54FE4A3235EFFC600215136 /* ViewController.swift */,
				D54FE4A5235EFFC600215136 /* Main.storyboard */,
				D54FE4AB235EFFC800215136 /* Assets.xcassets */,
				D54FE4AD235EFFC800215136 /* LaunchScreen.storyboard */,
				D54FE4B0235EFFC800215136 /* Info.plist */,
				D54FE4A8235EFFC600215136 /* Revolut.xcdatamodeld */,
			);
			path = Revolut;
			sourceTree = "<group>";
		};
		D54FE4B8235EFFC800215136 /* RevolutTests */ = {
			isa = PBXGroup;
			children = (
				D54FE4B9235EFFC800215136 /* RevolutTests.swift */,
				D54FE4BB235EFFC800215136 /* Info.plist */,
			);
			path = RevolutTests;
			sourceTree = "<group>";
		};
/* End PBXGroup section */

/* Begin PBXNativeTarget section */
		D54FE49B235EFFC600215136 /* Revolut */ = {
			isa = PBXNativeTarget;
			buildConfigurationList = D54FE4BE235EFFC800215136 /* Build configuration list for PBXNativeTarget "Revolut" */;
			buildPhases = (
				D54FE498235EFFC600215136 /* Sources */,
				D54FE499235EFFC600215136 /* Frameworks */,
				D54FE49A235EFFC600215136 /* Resources */,
			);
			buildRules = (
			);
			dependencies = (
			);
			name = Revolut;
			productName = Revolut;
			productReference = D54FE49C235EFFC600215136 /* Revolut.app */;
			productType = "com.apple.product-type.application";
		};
		D54FE4B4235EFFC800215136 /* RevolutTests */ = {
			isa = PBXNativeTarget;
			buildConfigurationList = D54FE4C1235EFFC800215136 /* Build configuration list for PBXNativeTarget "RevolutTests" */;
			buildPhases = (
				D54FE4B1235EFFC800215136 /* Sources */,
				D54FE4B2235EFFC800215136 /* Frameworks */,
				D54FE4B3235EFFC800215136 /* Resources */,
			);
			buildRules = (
			);
			dependencies = (
				D54FE4B7235EFFC800215136 /* PBXTargetDependency */,
			);
			name = RevolutTests;
			productName = RevolutTests;
			productReference = D54FE4B5235EFFC800215136 /* RevolutTests.xctest */;
			productType = "com.apple.product-type.bundle.unit-test";
		};
/* End PBXNativeTarget section */

/* Begin PBXProject section */
		D54FE494235EFFC600215136 /* Project object */ = {
			isa = PBXProject;
			attributes = {
				LastSwiftUpdateCheck = 1110;
				LastUpgradeCheck = 1110;
				ORGANIZATIONNAME = "Revolut Financial";
				TargetAttributes = {
					D54FE49B235EFFC600215136 = {
						CreatedOnToolsVersion = 11.1;
					};
					D54FE4B4235EFFC800215136 = {
						CreatedOnToolsVersion = 11.1;
						TestTargetID = D54FE49B235EFFC600215136;
					};
				};
			};
			buildConfigurationList = D54FE497235EFFC600215136 /* Build configuration list for PBXProject "Revolut" */;
			compatibilityVersion = "Xcode 9.3";
			developmentRegion = en;
			hasScannedForEncodings = 0;
			knownRegions = (
				en,
				Base,
			);
			mainGroup = D54FE493235EFFC600215136;
			productRefGroup = D54FE49D235EFFC600215136 /* Products */;
			projectDirPath = "";
			projectRoot = "";
			targets = (
				D54FE49B235EFFC600215136 /* Revolut */,
				D54FE4B4235EFFC800215136 /* RevolutTests */,
			);
		};
/* End PBXProject section */

/* Begin PBXResourcesBuildPhase section */
		D54FE49A235EFFC600215136 /* Resources */ = {
			isa = PBXResourcesBuildPhase;
			buildActionMask = 2147483647;
			files = (
				D54FE4AF235EFFC800215136 /* LaunchScreen.storyboard in Resources */,
				D54FE4AC235EFFC800215136 /* Assets.xcassets in Resources */,
				D54FE4A7235EFFC600215136 /* Main.storyboard in Resources */,
			);
			runOnlyForDeploymentPostprocessing = 0;
		};
		D54FE4B3235EFFC800215136 /* Resources */ = {
			isa = PBXResourcesBuildPhase;
			buildActionMask = 2147483647;
			files = (
			);
			runOnlyForDeploymentPostprocessing = 0;
		};
/* End PBXResourcesBuildPhase section */

/* Begin PBXSourcesBuildPhase section */
		D54FE498235EFFC600215136 /* Sources */ = {
			isa = PBXSourcesBuildPhase;
			buildActionMask = 2147483647;
			files = (
				D54FE4A4235EFFC600215136 /* ViewController.swift in Sources */,
				D54FE4AA235EFFC600215136 /* Revolut.xcdatamodeld in Sources */,
				D54FE4A0235EFFC600215136 /* AppDelegate.swift in Sources */,
				D54FE4A2235EFFC600215136 /* SceneDelegate.swift in Sources */,
			);
			runOnlyForDeploymentPostprocessing = 0;
		};
		D54FE4B1235EFFC800215136 /* Sources */ = {
			isa = PBXSourcesBuildPhase;
			buildActionMask = 2147483647;
			files = (
				D54FE4BA235EFFC800215136 /* RevolutTests.swift in Sources */,
			);
			runOnlyForDeploymentPostprocessing = 0;
		};
/* End PBXSourcesBuildPhase section */

/* Begin PBXTargetDependency section */
		D54FE4B7235EFFC800215136 /* PBXTargetDependency */ = {
			isa = PBXTargetDependency;
			target = D54FE49B235EFFC600215136 /* Revolut */;
			targetProxy = D54FE4B6235EFFC800215136 /* PBXContainerItemProxy */;
		};
/* End PBXTargetDependency section */

/* Begin PBXVariantGroup section */
		D54FE4A5235EFFC600215136 /* Main.storyboard */ = {
			isa = PBXVariantGroup;
			children = (
				D54FE4A6235EFFC600215136 /* Base */,
			);
			name = Main.storyboard;
			sourceTree = "<group>";
		};
		D54FE4AD235EFFC800215136 /* LaunchScreen.storyboard */ = {
			isa = PBXVariantGroup;
			children = (
				D54FE4AE235EFFC800215136 /* Base */,
			);
			name = LaunchScreen.storyboard;
			sourceTree = "<group>";
		};
/* End PBXVariantGroup section */

/* Begin XCBuildConfiguration section */
		D54FE4BC235EFFC800215136 /* Debug */ = {
			isa = XCBuildConfiguration;
			buildSettings = {
				ALWAYS_SEARCH_USER_PATHS = NO;
				CLANG_ANALYZER_NONNULL = YES;
				CLANG_ANALYZER_NUMBER_OBJECT_CONVERSION = YES_AGGRESSIVE;
				CLANG_CXX_LANGUAGE_STANDARD = "gnu++14";
				CLANG_CXX_LIBRARY = "libc++";
				CLANG_ENABLE_MODULES = YES;
				CLANG_ENABLE_OBJC_ARC = YES;
				CLANG_ENABLE_OBJC_WEAK = YES;
				CLANG_WARN_BLOCK_CAPTURE_AUTORELEASING = YES;
				CLANG_WARN_BOOL_CONVERSION = YES;
				CLANG_WARN_COMMA = YES;
				CLANG_WARN_CONSTANT_CONVERSION = YES;
				CLANG_WARN_DEPRECATED_OBJC_IMPLEMENTATIONS = YES;
				CLANG_WARN_DIRECT_OBJC_ISA_USAGE = YES_ERROR;
				CLANG_WARN_DOCUMENTATION_COMMENTS = YES;
				CLANG_WARN_EMPTY_BODY = YES;
				CLANG_WARN_ENUM_CONVERSION = YES;
				CLANG_WARN_INFINITE_RECURSION = YES;
				CLANG_WARN_INT_CONVERSION = YES;
				CLANG_WARN_NON_LITERAL_NULL_CONVERSION = YES;
				CLANG_WARN_OBJC_IMPLICIT_RETAIN_SELF = YES;
				CLANG_WARN_OBJC_LITERAL_CONVERSION = YES;
				CLANG_WARN_OBJC_ROOT_CLASS = YES_ERROR;
				CLANG_WARN_RANGE_LOOP_ANALYSIS = YES;
				CLANG_WARN_STRICT_PROTOTYPES = YES;
				CLANG_WARN_SUSPICIOUS_MOVE = YES;
				CLANG_WARN_UNGUARDED_AVAILABILITY = YES_AGGRESSIVE;
				CLANG_WARN_UNREACHABLE_CODE = YES;
				CLANG_WARN__DUPLICATE_METHOD_MATCH = YES;
				COPY_PHASE_STRIP = NO;
				DEBUG_INFORMATION_FORMAT = dwarf;
				ENABLE_STRICT_OBJC_MSGSEND = YES;
				ENABLE_TESTABILITY = YES;
				GCC_C_LANGUAGE_STANDARD = gnu11;
				GCC_DYNAMIC_NO_PIC = NO;
				GCC_NO_COMMON_BLOCKS = YES;
				GCC_OPTIMIZATION_LEVEL = 0;
				GCC_PREPROCESSOR_DEFINITIONS = (
					"DEBUG=1",
					"$(inherited)",
				);
				GCC_WARN_64_TO_32_BIT_CONVERSION = YES;
				GCC_WARN_ABOUT_RETURN_TYPE = YES_ERROR;
				GCC_WARN_UNDECLARED_SELECTOR = YES;
				GCC_WARN_UNINITIALIZED_AUTOS = YES_AGGRESSIVE;
				GCC_WARN_UNUSED_FUNCTION = YES;
				GCC_WARN_UNUSED_VARIABLE = YES;
				IPHONEOS_DEPLOYMENT_TARGET = 13.1;
				MTL_ENABLE_DEBUG_INFO = INCLUDE_SOURCE;
				MTL_FAST_MATH = YES;
				ONLY_ACTIVE_ARCH = YES;
				SDKROOT = iphoneos;
				SWIFT_ACTIVE_COMPILATION_CONDITIONS = DEBUG;
				SWIFT_OPTIMIZATION_LEVEL = "-Onone";
			};
			name = Debug;
		};
		D54FE4BD235EFFC800215136 /* Release */ = {
			isa = XCBuildConfiguration;
			buildSettings = {
				ALWAYS_SEARCH_USER_PATHS = NO;
				CLANG_ANALYZER_NONNULL = YES;
				CLANG_ANALYZER_NUMBER_OBJECT_CONVERSION = YES_AGGRESSIVE;
				CLANG_CXX_LANGUAGE_STANDARD = "gnu++14";
				CLANG_CXX_LIBRARY = "libc++";
				CLANG_ENABLE_MODULES = YES;
				CLANG_ENABLE_OBJC_ARC = YES;
				CLANG_ENABLE_OBJC_WEAK = YES;
				CLANG_WARN_BLOCK_CAPTURE_AUTORELEASING = YES;
				CLANG_WARN_BOOL_CONVERSION = YES;
				CLANG_WARN_COMMA = YES;
				CLANG_WARN_CONSTANT_CONVERSION = YES;
				CLANG_WARN_DEPRECATED_OBJC_IMPLEMENTATIONS = YES;
				CLANG_WARN_DIRECT_OBJC_ISA_USAGE = YES_ERROR;
				CLANG_WARN_DOCUMENTATION_COMMENTS = YES;
				CLANG_WARN_EMPTY_BODY = YES;
				CLANG_WARN_ENUM_CONVERSION = YES;
				CLANG_WARN_INFINITE_RECURSION = YES;
				CLANG_WARN_INT_CONVERSION = YES;
				CLANG_WARN_NON_LITERAL_NULL_CONVERSION = YES;
				CLANG_WARN_OBJC_IMPLICIT_RETAIN_SELF = YES;
				CLANG_WARN_OBJC_LITERAL_CONVERSION = YES;
				CLANG_WARN_OBJC_ROOT_CLASS = YES_ERROR;
				CLANG_WARN_RANGE_LOOP_ANALYSIS = YES;
				CLANG_WARN_STRICT_PROTOTYPES = YES;
				CLANG_WARN_SUSPICIOUS_MOVE = YES;
				CLANG_WARN_UNGUARDED_AVAILABILITY = YES_AGGRESSIVE;
				CLANG_WARN_UNREACHABLE_CODE = YES;
				CLANG_WARN__DUPLICATE_METHOD_MATCH = YES;
				COPY_PHASE_STRIP = NO;
				DEBUG_INFORMATION_FORMAT = "dwarf-with-dsym";
				ENABLE_NS_ASSERTIONS = NO;
				ENABLE_STRICT_OBJC_MSGSEND = YES;
				GCC_C_LANGUAGE_STANDARD = gnu11;
				GCC_NO_COMMON_BLOCKS = YES;
				GCC_WARN_64_TO_32_BIT_CONVERSION = YES;
				GCC_WARN_ABOUT_RETURN_TYPE = YES_ERROR;
				GCC_WARN_UNDECLARED_SELECTOR = YES;
				GCC_WARN_UNINITIALIZED_AUTOS = YES_AGGRESSIVE;
				GCC_WARN_UNUSED_FUNCTION = YES;
				GCC_WARN_UNUSED_VARIABLE = YES;
				IPHONEOS_DEPLOYMENT_TARGET = 13.1;
				MTL_ENABLE_DEBUG_INFO = NO;
				MTL_FAST_MATH = YES;
				SDKROOT = iphoneos;
				SWIFT_COMPILATION_MODE = wholemodule;
				SWIFT_OPTIMIZATION_LEVEL = "-O";
				VALIDATE_PRODUCT = YES;
			};
			name = Release;
		};
		D54FE4BF235EFFC800215136 /* Debug */ = {
			isa = XCBuildConfiguration;
			buildSettings = {
				ASSETCATALOG_COMPILER_APPICON_NAME = AppIcon;
				CODE_SIGN_STYLE = Automatic;
				INFOPLIST_FILE = Revolut/Info.plist;
				LD_RUNPATH_SEARCH_PATHS = (
					"$(inherited)",
					"@executable_path/Frameworks",
				);
				PRODUCT_BUNDLE_IDENTIFIER = FinancialApp.Revolut;
				PRODUCT_NAME = "$(TARGET_NAME)";
				SWIFT_VERSION = 5.0;
				TARGETED_DEVICE_FAMILY = "1,2";
			};
			name = Debug;
		};
		D54FE4C0235EFFC800215136 /* Release */ = {
			isa = XCBuildConfiguration;
			buildSettings = {
				ASSETCATALOG_COMPILER_APPICON_NAME = AppIcon;
				CODE_SIGN_STYLE = Automatic;
				INFOPLIST_FILE = Revolut/Info.plist;
				LD_RUNPATH_SEARCH_PATHS = (
					"$(inherited)",
					"@executable_path/Frameworks",
				);
				PRODUCT_BUNDLE_IDENTIFIER = FinancialApp.Revolut;
				PRODUCT_NAME = "$(TARGET_NAME)";
				SWIFT_VERSION = 5.0;
				TARGETED_DEVICE_FAMILY = "1,2";
			};
			name = Release;
		};
		D54FE4C2235EFFC800215136 /* Debug */ = {
			isa = XCBuildConfiguration;
			buildSettings = {
				ALWAYS_EMBED_SWIFT_STANDARD_LIBRARIES = YES;
				BUNDLE_LOADER = "$(TEST_HOST)";
				CODE_SIGN_STYLE = Automatic;
				INFOPLIST_FILE = RevolutTests/Info.plist;
				IPHONEOS_DEPLOYMENT_TARGET = 13.1;
				LD_RUNPATH_SEARCH_PATHS = (
					"$(inherited)",
					"@executable_path/Frameworks",
					"@loader_path/Frameworks",
				);
				PRODUCT_BUNDLE_IDENTIFIER = FinancialApp.RevolutTests;
				PRODUCT_NAME = "$(TARGET_NAME)";
				SWIFT_VERSION = 5.0;
				TARGETED_DEVICE_FAMILY = "1,2";
				TEST_HOST = "$(BUILT_PRODUCTS_DIR)/Revolut.app/Revolut";
			};
			name = Debug;
		};
		D54FE4C3235EFFC800215136 /* Release */ = {
			isa = XCBuildConfiguration;
			buildSettings = {
				ALWAYS_EMBED_SWIFT_STANDARD_LIBRARIES = YES;
				BUNDLE_LOADER = "$(TEST_HOST)";
				CODE_SIGN_STYLE = Automatic;
				INFOPLIST_FILE = RevolutTests/Info.plist;
				IPHONEOS_DEPLOYMENT_TARGET = 13.1;
				LD_RUNPATH_SEARCH_PATHS = (
					"$(inherited)",
					"@executable_path/Frameworks",
					"@loader_path/Frameworks",
				);
				PRODUCT_BUNDLE_IDENTIFIER = FinancialApp.RevolutTests;
				PRODUCT_NAME = "$(TARGET_NAME)";
				SWIFT_VERSION = 5.0;
				TARGETED_DEVICE_FAMILY = "1,2";
				TEST_HOST = "$(BUILT_PRODUCTS_DIR)/Revolut.app/Revolut";
			};
			name = Release;
		};
/* End XCBuildConfiguration section */

/* Begin XCConfigurationList section */
		D54FE497235EFFC600215136 /* Build configuration list for PBXProject "Revolut" */ = {
			isa = XCConfigurationList;
			buildConfigurations = (
				D54FE4BC235EFFC800215136 /* Debug */,
				D54FE4BD235EFFC800215136 /* Release */,
			);
			defaultConfigurationIsVisible = 0;
			defaultConfigurationName = Release;
		};
		D54FE4BE235EFFC800215136 /* Build configuration list for PBXNativeTarget "Revolut" */ = {
			isa = XCConfigurationList;
			buildConfigurations = (
				D54FE4BF235EFFC800215136 /* Debug */,
				D54FE4C0235EFFC800215136 /* Release */,
			);
			defaultConfigurationIsVisible = 0;
			defaultConfigurationName = Release;
		};
		D54FE4C1235EFFC800215136 /* Build configuration list for PBXNativeTarget "RevolutTests" */ = {
			isa = XCConfigurationList;
			buildConfigurations = (
				D54FE4C2235EFFC800215136 /* Debug */,
				D54FE4C3235EFFC800215136 /* Release */,
			);
			defaultConfigurationIsVisible = 0;
			defaultConfigurationName = Release;
		};
/* End XCConfigurationList section */

/* Begin XCVersionGroup section */
		D54FE4A8235EFFC600215136 /* Revolut.xcdatamodeld */ = {
			isa = XCVersionGroup;
			children = (
				D54FE4A9235EFFC600215136 /* Revolut.xcdatamodel */,
			);
			currentVersion = D54FE4A9235EFFC600215136 /* Revolut.xcdatamodel */;
			path = Revolut.xcdatamodeld;
			sourceTree = "<group>";
			versionGroupType = wrapper.xcdatamodel;
		};
/* End XCVersionGroup section */
	};
	rootObject = D54FE494235EFFC600215136 /* Project object */;
}
